
Microsoft Visual Studio Solution File, Format Version 12.00
# Visual Studio Version 16
VisualStudioVersion = 16.0.30011.22
MinimumVisualStudioVersion = 10.0.40219.1
Project("{9A19103F-16F7-4668-BE54-9A1E7A4F7556}") = "Nokia.Storage.Test", "Nokia.Storage.Test\Nokia.Storage.Test.csproj", "{FCFBA1E7-3F6C-4449-B8D0-6330D4798546}"
EndProject
Project("{9A19103F-16F7-4668-BE54-9A1E7A4F7556}") = "Nokia.Storage.IntergrationTest", "Nokia.Storage.IntergrationTest\Nokia.Storage.IntergrationTest.csproj", "{D947A150-C936-43BE-A841-C14EFE8EBF99}"
EndProject
Project("{9A19103F-16F7-4668-BE54-9A1E7A4F7556}") = "Nokia.Storage", "Nokia.Storage\Nokia.Storage.csproj", "{4962E5FB-446F-43C2-9EAF-236680189BC2}"
EndProject
Global
	GlobalSection(SolutionConfigurationPlatforms) = preSolution
		Debug|Any CPU = Debug|Any CPU
		Release|Any CPU = Release|Any CPU
	EndGlobalSection
	GlobalSection(ProjectConfigurationPlatforms) = postSolution
		{FCFBA1E7-3F6C-4449-B8D0-6330D4798546}.Debug|Any CPU.ActiveCfg = Debug|Any CPU
		{FCFBA1E7-3F6C-4449-B8D0-6330D4798546}.Debug|Any CPU.Build.0 = Debug|Any CPU
		{FCFBA1E7-3F6C-4449-B8D0-6330D4798546}.Release|Any CPU.ActiveCfg = Release|Any CPU
		{FCFBA1E7-3F6C-4449-B8D0-6330D4798546}.Release|Any CPU.Build.0 = Release|Any CPU
		{D947A150-C936-43BE-A841-C14EFE8EBF99}.Debug|Any CPU.ActiveCfg = Debug|Any CPU
		{D947A150-C936-43BE-A841-C14EFE8EBF99}.Debug|Any CPU.Build.0 = Debug|Any CPU
		{D947A150-C936-43BE-A841-C14EFE8EBF99}.Release|Any CPU.ActiveCfg = Release|Any CPU
		{D947A150-C936-43BE-A841-C14EFE8EBF99}.Release|Any CPU.Build.0 = Release|Any CPU
		{4962E5FB-446F-43C2-9EAF-236680189BC2}.Debug|Any CPU.ActiveCfg = Debug|Any CPU
		{4962E5FB-446F-43C2-9EAF-236680189BC2}.Debug|Any CPU.Build.0 = Debug|Any CPU
		{4962E5FB-446F-43C2-9EAF-236680189BC2}.Release|Any CPU.ActiveCfg = Release|Any CPU
		{4962E5FB-446F-43C2-9EAF-236680189BC2}.Release|Any CPU.Build.0 = Release|Any CPU
	EndGlobalSection
	GlobalSection(SolutionProperties) = preSolution
		HideSolutionNode = FALSE
	EndGlobalSection
	GlobalSection(ExtensibilityGlobals) = postSolution
		SolutionGuid = {3174F524-6701-4411-BC3B-DA56445C518C}
	EndGlobalSection
EndGlobal
