
Microsoft Visual Studio Solution File, Format Version 12.00
# Visual Studio Version 16
VisualStudioVersion = 16.0.30011.22
MinimumVisualStudioVersion = 10.0.40219.1
Project("{FAE04EC0-301F-11D3-BF4B-00C04F79EFBC}") = "Nokia.Storage", "storage_service\Nokia.Storage.csproj", "{A1BF661F-8826-470E-A7A1-D4FA40B4FCDC}"
EndProject
Global
	GlobalSection(SolutionConfigurationPlatforms) = preSolution
		Debug|Any CPU = Debug|Any CPU
		Release|Any CPU = Release|Any CPU
	EndGlobalSection
	GlobalSection(ProjectConfigurationPlatforms) = postSolution
		{A1BF661F-8826-470E-A7A1-D4FA40B4FCDC}.Debug|Any CPU.ActiveCfg = Debug|Any CPU
		{A1BF661F-8826-470E-A7A1-D4FA40B4FCDC}.Debug|Any CPU.Build.0 = Debug|Any CPU
		{A1BF661F-8826-470E-A7A1-D4FA40B4FCDC}.Release|Any CPU.ActiveCfg = Release|Any CPU
		{A1BF661F-8826-470E-A7A1-D4FA40B4FCDC}.Release|Any CPU.Build.0 = Release|Any CPU
	EndGlobalSection
	GlobalSection(SolutionProperties) = preSolution
		HideSolutionNode = FALSE
	EndGlobalSection
	GlobalSection(ExtensibilityGlobals) = postSolution
		SolutionGuid = {3174F524-6701-4411-BC3B-DA56445C518C}
	EndGlobalSection
EndGlobal
